[[package]]
category = "main"
description = "Python wrapper for loading Jason Hood's ANSICON"
marker = "platform_system == \"Windows\""
name = "ansicon"
optional = false
python-versions = "*"
version = "1.89.0"

[[package]]
category = "main"
description = "Easy, practical library for making terminal apps, by providing an elegant, well-documented interface to Colors, Keyboard input, and screen Positioning capabilities."
name = "blessed"
optional = false
python-versions = "*"
version = "1.17.6"

[package.dependencies]
jinxed = ">=0.5.4"
six = ">=1.9.0"
wcwidth = ">=0.1.4"

[[package]]
category = "main"
description = "Foreign Function Interface for Python calling C code."
name = "cffi"
optional = false
python-versions = "*"
version = "1.14.0"

[package.dependencies]
pycparser = "*"

[[package]]
category = "main"
description = "Cross-platform colored terminal text."
name = "colorama"
optional = false
python-versions = ">=2.7, !=3.0.*, !=3.1.*, !=3.2.*, !=3.3.*, !=3.4.*"
version = "0.4.3"

[[package]]
category = "main"
description = "A tool for printing data in a columnar format."
name = "columnar"
optional = false
python-versions = "*"
version = "1.3.1"

[package.dependencies]
toolz = "*"
wcwidth = "*"

[[package]]
category = "main"
description = "gc is a command line helper client for using git."
name = "git-client"
optional = false
python-versions = "*"
version = "0.2.1"

[package.dependencies]
inquirer = "*"
setuptools = "*"
string-color = ">=0.2.7"

[[package]]
category = "main"
description = "GMP or MPIR interface to Python 2.4+ and 3.x"
name = "gmpy"
optional = false
python-versions = "*"
version = "1.17"

[[package]]
category = "main"
description = "Collection of common interactive command line user interfaces, based on Inquirer.js"
name = "inquirer"
optional = false
python-versions = "*"
version = "2.7.0"

[package.dependencies]
blessed = "1.17.6"
python-editor = "1.0.4"
readchar = "2.0.1"

[[package]]
category = "main"
description = "Jinxed Terminal Library"
marker = "platform_system == \"Windows\""
name = "jinxed"
optional = false
python-versions = "*"
version = "1.0.0"

[package.dependencies]
ansicon = "*"

[[package]]
category = "main"
description = "Lightweight pipelining: using Python functions as pipeline jobs."
name = "joblib"
optional = false
python-versions = ">=3.6"
version = "0.15.1"

[[package]]
category = "main"
description = "MySQL driver written in Python"
name = "mysql-connector"
optional = false
python-versions = "*"
version = "2.2.9"

[[package]]
category = "main"
description = "NumPy is the fundamental package for array computing with Python."
name = "numpy"
optional = false
python-versions = ">=3.5"
version = "1.18.5"

[[package]]
category = "main"
description = "Fast, correct Python JSON library supporting dataclasses, datetimes, and numpy"
name = "orjson"
optional = false
python-versions = ">=3.6"
version = "3.1.0"

[[package]]
category = "main"
description = "A fast, robust library to check for offensive language in strings."
name = "profanity-check"
optional = false
python-versions = "*"
version = "1.0.3"

[package.dependencies]
scikit-learn = ">=0.20.2"

[[package]]
category = "main"
description = "C parser in Python"
name = "pycparser"
optional = false
python-versions = ">=2.7, !=3.0.*, !=3.1.*, !=3.2.*, !=3.3.*"
version = "2.20"

[[package]]
category = "main"
description = "Pymunk is a easy-to-use pythonic 2d physics library"
name = "pymunk"
optional = false
python-versions = "*"
version = "5.6.0"

[package.dependencies]
cffi = "!=1.13.1"

[[package]]
category = "main"
description = "Programmatically open an editor, capture the result."
name = "python-editor"
optional = false
python-versions = "*"
version = "1.0.4"

[[package]]
category = "main"
description = "Utilities to read single characters and key-strokes"
name = "readchar"
optional = false
python-versions = "*"
version = "2.0.1"

[[package]]
category = "main"
description = "A set of python modules for machine learning and data mining"
name = "scikit-learn"
optional = false
python-versions = ">=3.6"
version = "0.23.1"

[package.dependencies]
joblib = ">=0.11"
numpy = ">=1.13.3"
scipy = ">=0.19.1"
threadpoolctl = ">=2.0.0"

[[package]]
category = "main"
description = "SciPy: Scientific Library for Python"
name = "scipy"
optional = false
python-versions = ">=3.5"
version = "1.4.1"

[package.dependencies]
numpy = ">=1.13.3"

[[package]]
category = "main"
description = "Python 2 and 3 compatibility utilities"
name = "six"
optional = false
python-versions = ">=2.7, !=3.0.*, !=3.1.*, !=3.2.*"
version = "1.15.0"

[[package]]
category = "main"
description = "just another mod to print strings in 256 colors in the terminal."
name = "string-color"
optional = false
python-versions = "*"
version = "1.2.1"

[package.dependencies]
colorama = "*"
columnar = ">=1.3.1"
setuptools = "*"

[[package]]
category = "main"
description = "threadpoolctl"
name = "threadpoolctl"
optional = false
python-versions = ">=3.5"
version = "2.1.0"

[[package]]
category = "main"
description = "List processing tools and functional utilities"
name = "toolz"
optional = false
python-versions = ">=2.7, !=3.0.*, !=3.1.*, !=3.2.*, !=3.3.*"
version = "0.10.0"

[[package]]
category = "main"
description = "Tornado is a Python web framework and asynchronous networking library, originally developed at FriendFeed."
name = "tornado"
optional = false
python-versions = ">= 3.5"
version = "6.0.4"

[[package]]
category = "main"
description = "Measures the displayed width of unicode strings in a terminal"
name = "wcwidth"
optional = false
python-versions = "*"
version = "0.2.4"

[metadata]
content-hash = "07440995e366e1e2b96325ae20743f0e6a8d09bb2b02679f614b6ef7929cf139"
python-versions = "^3.8"

[metadata.hashes]
ansicon = ["e4d039def5768a47e4afec8e89e83ec3ae5a26bf00ad851f914d1240b444d2b1", "f1def52d17f65c2c9682cf8370c03f541f410c1752d6a14029f97318e4b9dfec"]
blessed = ["8371d69ac55558e4b1591964873d6721136e9ea17a730aeb3add7d27761b134b", "a9a774fc6eda05248735b0d86e866d640ca2fef26038878f7e4d23f7749a1e40"]
cffi = ["001bf3242a1bb04d985d63e138230802c6c8d4db3668fb545fb5005ddf5bb5ff", "00789914be39dffba161cfc5be31b55775de5ba2235fe49aa28c148236c4e06b", "028a579fc9aed3af38f4892bdcc7390508adabc30c6af4a6e4f611b0c680e6ac", "14491a910663bf9f13ddf2bc8f60562d6bc5315c1f09c704937ef17293fb85b0", "1cae98a7054b5c9391eb3249b86e0e99ab1e02bb0cc0575da191aedadbdf4384", "2089ed025da3919d2e75a4d963d008330c96751127dd6f73c8dc0c65041b4c26", "2d384f4a127a15ba701207f7639d94106693b6cd64173d6c8988e2c25f3ac2b6", "337d448e5a725bba2d8293c48d9353fc68d0e9e4088d62a9571def317797522b", "399aed636c7d3749bbed55bc907c3288cb43c65c4389964ad5ff849b6370603e", "3b911c2dbd4f423b4c4fcca138cadde747abdb20d196c4a48708b8a2d32b16dd", "3d311bcc4a41408cf5854f06ef2c5cab88f9fded37a3b95936c9879c1640d4c2", "62ae9af2d069ea2698bf536dcfe1e4eed9090211dbaafeeedf5cb6c41b352f66", "66e41db66b47d0d8672d8ed2708ba91b2f2524ece3dee48b5dfb36be8c2f21dc", "675686925a9fb403edba0114db74e741d8181683dcf216be697d208857e04ca8", "7e63cbcf2429a8dbfe48dcc2322d5f2220b77b2e17b7ba023d6166d84655da55", "8a6c688fefb4e1cd56feb6c511984a6c4f7ec7d2a1ff31a10254f3c817054ae4", "8c0ffc886aea5df6a1762d0019e9cb05f825d0eec1f520c51be9d198701daee5", "95cd16d3dee553f882540c1ffe331d085c9e629499ceadfbda4d4fde635f4b7d", "99f748a7e71ff382613b4e1acc0ac83bf7ad167fb3802e35e90d9763daba4d78", "b8c78301cefcf5fd914aad35d3c04c2b21ce8629b5e4f4e45ae6812e461910fa", "c420917b188a5582a56d8b93bdd8e0f6eca08c84ff623a4c16e809152cd35793", "c43866529f2f06fe0edc6246eb4faa34f03fe88b64a0a9a942561c8e22f4b71f", "cab50b8c2250b46fe738c77dbd25ce017d5e6fb35d3407606e7a4180656a5a6a", "cef128cb4d5e0b3493f058f10ce32365972c554572ff821e175dbc6f8ff6924f", "cf16e3cf6c0a5fdd9bc10c21687e19d29ad1fe863372b5543deaec1039581a30", "e56c744aa6ff427a607763346e4170629caf7e48ead6921745986db3692f987f", "e577934fc5f8779c554639376beeaa5657d54349096ef24abe8c74c5d9c117c3", "f2b0fa0c01d8a0c7483afd9f31d7ecf2d71760ca24499c8697aeb5ca37dc090c"]
colorama = ["7d73d2a99753107a36ac6b455ee49046802e59d9d076ef8e47b61499fa29afff", "e96da0d330793e2cb9485e9ddfd918d456036c7149416295932478192f4436a1"]
columnar = ["3fda53a5c8858e5103a647bd23dc9ad11ed107888a409aeca1f3a89327abd0db", "b7c3bf4d35e7b66db63077343bed15cbe5298f5215b3b3302543d9cf221440cc"]
git-client = ["2bab8178a1f5f8aad1a27a46a55cb8bb508dd166e5196286a0373effbf8d8697", "c22ca5dffed845592a161b7f6309b65aa9917f4f793b34f222a09aa12ba58254"]
gmpy = ["1a79118a5332b40aba6aa24b051ead3a31b9b3b9642288934da754515da8fa14"]
inquirer = ["d15e15de1ad5696f1967e7a23d8e2fce69d2e41a70b008948d676881ed94c3a5", "e819188de0ca7985a99c282176c6f50fb08b0d33867fd1965d3f3e97d6c8f83f"]
jinxed = ["094d0e1c92b8bcf324d1fb4dceaa82cb79e4524790caf524eca0499807a0fbd8", "79ceb7097ba9d905000905173554092e81fe31aebb107b9566a15767dfdc3a82"]
joblib = ["61e49189c84b3c5d99a969d314853f4d1d263316cc694bec17548ebaa9c47b6e", "6825784ffda353cc8a1be573118085789e5b5d29401856b35b756645ab5aecb5"]
mysql-connector = ["1733e6ce52a049243de3264f1fbc22a852cb35458c4ad739ba88189285efdf32"]
numpy = ["0172304e7d8d40e9e49553901903dc5f5a49a703363ed756796f5808a06fc233", "34e96e9dae65c4839bd80012023aadd6ee2ccb73ce7fdf3074c62f301e63120b", "3676abe3d621fc467c4c1469ee11e395c82b2d6b5463a9454e37fe9da07cd0d7", "3dd6823d3e04b5f223e3e265b4a1eae15f104f4366edd409e5a5e413a98f911f", "4064f53d4cce69e9ac613256dc2162e56f20a4e2d2086b1956dd2fcf77b7fac5", "4674f7d27a6c1c52a4d1aa5f0881f1eff840d2206989bae6acb1c7668c02ebfb", "7d42ab8cedd175b5ebcb39b5208b25ba104842489ed59fbb29356f671ac93583", "965df25449305092b23d5145b9bdaeb0149b6e41a77a7d728b1644b3c99277c1", "9c9d6531bc1886454f44aa8f809268bc481295cf9740827254f53c30104f074a", "a78e438db8ec26d5d9d0e584b27ef25c7afa5a182d1bf4d05e313d2d6d515271", "a7acefddf994af1aeba05bbbafe4ba983a187079f125146dc5859e6d817df824", "a87f59508c2b7ceb8631c20630118cc546f1f815e034193dc72390db038a5cb3", "ac792b385d81151bae2a5a8adb2b88261ceb4976dbfaaad9ce3a200e036753dc", "b03b2c0badeb606d1232e5f78852c102c0a7989d3a534b3129e7856a52f3d161", "b39321f1a74d1f9183bf1638a745b4fd6fe80efbb1f6b32b932a588b4bc7695f", "cae14a01a159b1ed91a324722d746523ec757357260c6804d11d6147a9e53e3f", "cd49930af1d1e49a812d987c2620ee63965b619257bd76eaaa95870ca08837cf", "e15b382603c58f24265c9c931c9a45eebf44fe2e6b4eaedbb0d025ab3255228b", "e91d31b34fc7c2c8f756b4e902f901f856ae53a93399368d9a0dc7be17ed2ca0", "ef627986941b5edd1ed74ba89ca43196ed197f1a206a3f18cc9faf2fb84fd675", "f718a7949d1c4f622ff548c572e0c03440b49b9531ff00e4ed5738b459f011e8"]
orjson = ["0c73bbf6d0572f69e82ce3a41e9ad49e7491deb6c3197412e40563ef6d36ec63", "1b3a41a7cfd17fa0531e985867df521249b34c802b87a085bb40dc3966726971", "4006d3b92b9106107a3fa1afeb85bb9532900570a8818bd99e186d9025ca783b", "47f2ac048d34647855a39f78a20522fa7d086941cefd6c0fed29695215277ace", "4aa2186acd2a1cc8115bb097e3ef04b299f3beae875963c587666424929c2d13", "6c3e2ce6c688a328b5d95952d3a2cba096fa6057fa418297543048cf2b74217c", "749b101fe1e50a394346a6bfc921e2a1b49b185c2b3b440f0787d437f906d52a", "76a07aef8d281e8ec906b36a2daca02ad5aa0b203462b00a33415c1bd17e25af", "7e522a238a822574e0cd5870be4a88cc4a89c8feffe8bbfbd2568956c40ea712", "87ae76e52e02ead747486d07721bae350eba293caf17efa4f92830e82bf6cefa", "8871ed677ef0ae0abae18e61fcd8c7dcf3bda5fead87fb13aa182cf10bb5aaf6", "c45246f4eb05724054b5b5d864c5d4b286fba855254d3a613c9d71bf5f4b3e39", "c69f33b489d7938b5281fcfd2809a711e467cd2e166e50c524190b817dd96238", "cc4f6684669f0c0f498d62d48e72673cde2f456305813de1a23b426b8f5dbf22", "f7fbc066909aa90725973cae78e80fc6ac871aca83d5fd3d2e445991a23e1746"]
profanity-check = ["553fbe8bc0aee14dcebf93a751e4e54e5d14f58c12a364d63b9146a75c5e4e78", "b32dd3444a1fccc8527aa29330970e447b9f67659454127a15e85078ce77eb21"]
pycparser = ["2d475327684562c3a96cc71adf7dc8c4f0565175cf86b6d7a404ff4c771f15f0", "7582ad22678f0fcd81102833f60ef8d0e57288b6b5fb00323d101be910e35705"]
pymunk = ["30c79cf94c2d46f21737b18aabb221b36c6287298dba1498beb7123b801e556b", "5c1bc4c58f52dfe8f206ab5eff2e652415e34adbc155c63be25d984db6331114", "7688620bdfd9b81442ee2ea12505440428b1703a2cd137c3e35d0ee5edc3ce70", "dba89d3e4eac40cca31468366b371459021ff1f433359297a8c96b1ede11c20b", "dceaa1f002e4703d5f599f27436bc13e7a92da19ee81b42a860756ed0bbfc664", "fd7fd0d3bbed006622754771a4d2d2787254de11f490dd7623a52b05d6d9b28c"]
python-editor = ["1bf6e860a8ad52a14c3ee1252d5dc25b2030618ed80c022598f00176adc8367d", "51fda6bcc5ddbbb7063b2af7509e43bd84bfc32a4ff71349ec7847713882327b", "5f98b069316ea1c2ed3f67e7f5df6c0d8f10b689964a4a811ff64f0106819ec8", "c3da2053dbab6b29c94e43c486ff67206eafbe7eb52dbec7390b5e2fb05aac77", "ea87e17f6ec459e780e4221f295411462e0d0810858e055fc514684350a2f522"]
readchar = ["3ac34aab28563bc895f73233d5c08b28f951ca190d5850b8d4bec973132a8dca", "ed00b7a49bb12f345319d9fa393f289f03670310ada2beb55e8c3f017c648f1e"]
scikit-learn = ["04799686060ecbf8992f26a35be1d99e981894c8c7860c1365cda4200f954a16", "058d213092de4384710137af1300ed0ff030b8c40459a6c6f73c31ccd274cc39", "0c3464e46ef8bd4f1bfa5c009648c6449412c8f7e9b3fc0c9e3d800139c48827", "0e7b55f73b35537ecd0d19df29dd39aa9e076dba78f3507b8136c819d84611fd", "16feae4361be6b299d4d08df5a30956b4bfc8eadf173fe9258f6d59630f851d4", "244ca85d6eba17a1e6e8a66ab2f584be6a7784b5f59297e3d7ff8c7983af627c", "3e6e92b495eee193a8fa12a230c9b7976ea0fc1263719338e35c986ea1e42cff", "5bcea4d6ee431c814261117281363208408aa4e665633655895feb059021aca6", "93f56abd316d131645559ec0ab4f45e3391c2ccdd4eadaa4912f4c1e0a6f2c96", "9e04c0811ea92931ee8490d638171b8cb2f21387efcfff526bbc8c2a3da60f1c", "bded94236e16774385202cafd26190ce96db18e4dc21e99473848c61e4fdc400", "c2fa33d20408b513cf432505c80e6eb4bf4d71434f1ae36680765d4a2c2a16ec", "e3fec1c8831f8f93ad85581ca29ca1bb88e2da377fb097cf8322aa89c21bc9b8", "e585682e37f2faa81ad6cd4472fff646bf2fd0542147bec93697a905db8e6bd2", "e9879ba9e64ec3add41bf201e06034162f853652ef4849b361d73b0deb3153ad", "ebe853e6f318f9d8b3b74dd17e553720d35646eff675a69eeaed12fbbbb07daa"]
scipy = ["00af72998a46c25bdb5824d2b729e7dabec0c765f9deb0b504f928591f5ff9d4", "0902a620a381f101e184a958459b36d3ee50f5effd186db76e131cbefcbb96f7", "1e3190466d669d658233e8a583b854f6386dd62d655539b77b3fa25bfb2abb70", "2cce3f9847a1a51019e8c5b47620da93950e58ebc611f13e0d11f4980ca5fecb", "3092857f36b690a321a662fe5496cb816a7f4eecd875e1d36793d92d3f884073", "386086e2972ed2db17cebf88610aab7d7f6e2c0ca30042dc9a89cf18dcc363fa", "71eb180f22c49066f25d6df16f8709f215723317cc951d99e54dc88020ea57be", "770254a280d741dd3436919d47e35712fb081a6ff8bafc0f319382b954b77802", "787cc50cab3020a865640aba3485e9fbd161d4d3b0d03a967df1a2881320512d", "8a07760d5c7f3a92e440ad3aedcc98891e915ce857664282ae3c0220f3301eb6", "8d3bc3993b8e4be7eade6dcc6fd59a412d96d3a33fa42b0fa45dc9e24495ede9", "9508a7c628a165c2c835f2497837bf6ac80eb25291055f56c129df3c943cbaf8", "a144811318853a23d32a07bc7fd5561ff0cac5da643d96ed94a4ffe967d89672", "a1aae70d52d0b074d8121333bc807a485f9f1e6a69742010b33780df2e60cfe0", "a2d6df9eb074af7f08866598e4ef068a2b310d98f87dc23bd1b90ec7bdcec802", "bb517872058a1f087c4528e7429b4a44533a902644987e7b2fe35ecc223bc408", "c5cac0c0387272ee0e789e94a570ac51deb01c796b37fb2aad1fb13f85e2f97d", "cc971a82ea1170e677443108703a2ec9ff0f70752258d0e9f5433d00dda01f59", "dba8306f6da99e37ea08c08fef6e274b5bf8567bb094d1dbe86a20e532aca088", "dc60bb302f48acf6da8ca4444cfa17d52c63c5415302a9ee77b3b21618090521", "dee1bbf3a6c8f73b6b218cb28eed8dd13347ea2f87d572ce19b289d6fd3fbc59"]
six = ["30639c035cdb23534cd4aa2dd52c3bf48f06e5f4a941509c8bafd8ce11080259", "8b74bedcbbbaca38ff6d7491d76f2b06b3592611af620f8426e82dddb04a5ced"]
string-color = ["2b7afe9580478b12024b88e75a1258787e5905a7141f400012bb9a0a62cc3e4a", "6c7a973586f12c9fbd453e22d80eb83b4b3bc44220f8cf4b051488f622edb0cd"]
threadpoolctl = ["38b74ca20ff3bb42caca8b00055111d74159ee95c4370882bbff2b93d24da725", "ddc57c96a38beb63db45d6c159b5ab07b6bced12c45a1f07b2b92f272aebfa6b"]
toolz = ["08fdd5ef7c96480ad11c12d472de21acd32359996f69a5259299b540feba4560"]
tornado = ["0fe2d45ba43b00a41cd73f8be321a44936dc1aba233dee979f17a042b83eb6dc", "22aed82c2ea340c3771e3babc5ef220272f6fd06b5108a53b4976d0d722bcd52", "2c027eb2a393d964b22b5c154d1a23a5f8727db6fda837118a776b29e2b8ebc6", "5217e601700f24e966ddab689f90b7ea4bd91ff3357c3600fa1045e26d68e55d", "5618f72e947533832cbc3dec54e1dffc1747a5cb17d1fd91577ed14fa0dc081b", "5f6a07e62e799be5d2330e68d808c8ac41d4a259b9cea61da4101b83cb5dc673", "c58d56003daf1b616336781b26d184023ea4af13ae143d9dda65e31e534940b9", "c952975c8ba74f546ae6de2e226ab3cc3cc11ae47baf607459a6728585bb542a", "c98232a3ac391f5faea6821b53db8db461157baa788f5d6222a193e9456e1740"]
wcwidth = ["79375666b9954d4a1a10739315816324c3e73110af9d0e102d906fdb0aec009f", "8c6b5b6ee1360b842645f336d9e5d68c55817c26d3050f46b235ef2bc650e48f"]
